// !$*UTF8*$!
{
	archiveVersion = 1;
	classes = {
	};
	objectVersion = 77;
	objects = {

/* Begin PBXContainerItemProxy section */
		70A0462D2DBB94AF006CB255 /* PBXContainerItemProxy */ = {
			isa = PBXContainerItemProxy;
			containerPortal = 70A046172DBB94AE006CB255 /* Project object */;
			proxyType = 1;
			remoteGlobalIDString = 70A0461E2DBB94AE006CB255;
			remoteInfo = "QR Code Reader";
		};
		70A046372DBB94AF006CB255 /* PBXContainerItemProxy */ = {
			isa = PBXContainerItemProxy;
			containerPortal = 70A046172DBB94AE006CB255 /* Project object */;
			proxyType = 1;
			remoteGlobalIDString = 70A0461E2DBB94AE006CB255;
			remoteInfo = "QR Code Reader";
		};
/* End PBXContainerItemProxy section */

/* Begin PBXFileReference section */
		70A0461F2DBB94AE006CB255 /* QR Code Reader.app */ = {isa = PBXFileReference; explicitFileType = wrapper.application; includeInIndex = 0; path = "QR Code Reader.app"; sourceTree = BUILT_PRODUCTS_DIR; };
		70A0462C2DBB94AF006CB255 /* QR Code ReaderTests.xctest */ = {isa = PBXFileReference; explicitFileType = wrapper.cfbundle; includeInIndex = 0; path = "QR Code ReaderTests.xctest"; sourceTree = BUILT_PRODUCTS_DIR; };
		70A046362DBB94AF006CB255 /* QR Code ReaderUITests.xctest */ = {isa = PBXFileReference; explicitFileType = wrapper.cfbundle; includeInIndex = 0; path = "QR Code ReaderUITests.xctest"; sourceTree = BUILT_PRODUCTS_DIR; };
/* End PBXFileReference section */

/* Begin PBXFileSystemSynchronizedRootGroup section */
		70A046212DBB94AE006CB255 /* QR Code Reader */ = {
			isa = PBXFileSystemSynchronizedRootGroup;
			path = "QR Code Reader";
			sourceTree = "<group>";
		};
		70A0462F2DBB94AF006CB255 /* QR Code ReaderTests */ = {
			isa = PBXFileSystemSynchronizedRootGroup;
			path = "QR Code ReaderTests";
			sourceTree = "<group>";
		};
		70A046392DBB94AF006CB255 /* QR Code ReaderUITests */ = {
			isa = PBXFileSystemSynchronizedRootGroup;
			path = "QR Code ReaderUITests";
			sourceTree = "<group>";
		};
/* End PBXFileSystemSynchronizedRootGroup section */

/* Begin PBXFrameworksBuildPhase section */
		70A0461C2DBB94AE006CB255 /* Frameworks */ = {
			isa = PBXFrameworksBuildPhase;
			buildActionMask = 2147483647;
			files = (
			);
			runOnlyForDeploymentPostprocessing = 0;
		};
		70A046292DBB94AF006CB255 /* Frameworks */ = {
			isa = PBXFrameworksBuildPhase;
			buildActionMask = 2147483647;
			files = (
			);
			runOnlyForDeploymentPostprocessing = 0;
		};
		70A046332DBB94AF006CB255 /* Frameworks */ = {
			isa = PBXFrameworksBuildPhase;
			buildActionMask = 2147483647;
			files = (
			);
			runOnlyForDeploymentPostprocessing = 0;
		};
/* End PBXFrameworksBuildPhase section */

/* Begin PBXGroup section */
		70A046162DBB94AE006CB255 = {
			isa = PBXGroup;
			children = (
				70A046212DBB94AE006CB255 /* QR Code Reader */,
				70A0462F2DBB94AF006CB255 /* QR Code ReaderTests */,
				70A046392DBB94AF006CB255 /* QR Code ReaderUITests */,
				70A046202DBB94AE006CB255 /* Products */,
			);
			sourceTree = "<group>";
		};
		70A046202DBB94AE006CB255 /* Products */ = {
			isa = PBXGroup;
			children = (
				70A0461F2DBB94AE006CB255 /* QR Code Reader.app */,
				70A0462C2DBB94AF006CB255 /* QR Code ReaderTests.xctest */,
				70A046362DBB94AF006CB255 /* QR Code ReaderUITests.xctest */,
			);
			name = Products;
			sourceTree = "<group>";
		};
/* End PBXGroup section */

/* Begin PBXNativeTarget section */
		70A0461E2DBB94AE006CB255 /* QR Code Reader */ = {
			isa = PBXNativeTarget;
			buildConfigurationList = 70A046402DBB94AF006CB255 /* Build configuration list for PBXNativeTarget "QR Code Reader" */;
			buildPhases = (
				70A0461B2DBB94AE006CB255 /* Sources */,
				70A0461C2DBB94AE006CB255 /* Frameworks */,
				70A0461D2DBB94AE006CB255 /* Resources */,
			);
			buildRules = (
			);
			dependencies = (
			);
			fileSystemSynchronizedGroups = (
				70A046212DBB94AE006CB255 /* QR Code Reader */,
			);
			name = "QR Code Reader";
			packageProductDependencies = (
			);
			productName = "QR Code Reader";
			productReference = 70A0461F2DBB94AE006CB255 /* QR Code Reader.app */;
			productType = "com.apple.product-type.application";
		};
		70A0462B2DBB94AF006CB255 /* QR Code ReaderTests */ = {
			isa = PBXNativeTarget;
			buildConfigurationList = 70A046432DBB94AF006CB255 /* Build configuration list for PBXNativeTarget "QR Code ReaderTests" */;
			buildPhases = (
				70A046282DBB94AF006CB255 /* Sources */,
				70A046292DBB94AF006CB255 /* Frameworks */,
				70A0462A2DBB94AF006CB255 /* Resources */,
			);
			buildRules = (
			);
			dependencies = (
				70A0462E2DBB94AF006CB255 /* PBXTargetDependency */,
			);
			fileSystemSynchronizedGroups = (
				70A0462F2DBB94AF006CB255 /* QR Code ReaderTests */,
			);
			name = "QR Code ReaderTests";
			packageProductDependencies = (
			);
			productName = "QR Code ReaderTests";
			productReference = 70A0462C2DBB94AF006CB255 /* QR Code ReaderTests.xctest */;
			productType = "com.apple.product-type.bundle.unit-test";
		};
		70A046352DBB94AF006CB255 /* QR Code ReaderUITests */ = {
			isa = PBXNativeTarget;
			buildConfigurationList = 70A046462DBB94AF006CB255 /* Build configuration list for PBXNativeTarget "QR Code ReaderUITests" */;
			buildPhases = (
				70A046322DBB94AF006CB255 /* Sources */,
				70A046332DBB94AF006CB255 /* Frameworks */,
				70A046342DBB94AF006CB255 /* Resources */,
			);
			buildRules = (
			);
			dependencies = (
				70A046382DBB94AF006CB255 /* PBXTargetDependency */,
			);
			fileSystemSynchronizedGroups = (
				70A046392DBB94AF006CB255 /* QR Code ReaderUITests */,
			);
			name = "QR Code ReaderUITests";
			packageProductDependencies = (
			);
			productName = "QR Code ReaderUITests";
			productReference = 70A046362DBB94AF006CB255 /* QR Code ReaderUITests.xctest */;
			productType = "com.apple.product-type.bundle.ui-testing";
		};
/* End PBXNativeTarget section */

/* Begin PBXProject section */
		70A046172DBB94AE006CB255 /* Project object */ = {
			isa = PBXProject;
			attributes = {
				BuildIndependentTargetsInParallel = 1;
				LastSwiftUpdateCheck = 1630;
				LastUpgradeCheck = 1630;
				TargetAttributes = {
					70A0461E2DBB94AE006CB255 = {
						CreatedOnToolsVersion = 16.3;
					};
					70A0462B2DBB94AF006CB255 = {
						CreatedOnToolsVersion = 16.3;
						TestTargetID = 70A0461E2DBB94AE006CB255;
					};
					70A046352DBB94AF006CB255 = {
						CreatedOnToolsVersion = 16.3;
						TestTargetID = 70A0461E2DBB94AE006CB255;
					};
				};
			};
			buildConfigurationList = 70A0461A2DBB94AE006CB255 /* Build configuration list for PBXProject "QR Code Reader" */;
			developmentRegion = en;
			hasScannedForEncodings = 0;
			knownRegions = (
				en,
				Base,
			);
			mainGroup = 70A046162DBB94AE006CB255;
			minimizedProjectReferenceProxies = 1;
			preferredProjectObjectVersion = 77;
			productRefGroup = 70A046202DBB94AE006CB255 /* Products */;
			projectDirPath = "";
			projectRoot = "";
			targets = (
				70A0461E2DBB94AE006CB255 /* QR Code Reader */,
				70A0462B2DBB94AF006CB255 /* QR Code ReaderTests */,
				70A046352DBB94AF006CB255 /* QR Code ReaderUITests */,
			);
		};
/* End PBXProject section */

/* Begin PBXResourcesBuildPhase section */
		70A0461D2DBB94AE006CB255 /* Resources */ = {
			isa = PBXResourcesBuildPhase;
			buildActionMask = 2147483647;
			files = (
			);
			runOnlyForDeploymentPostprocessing = 0;
		};
		70A0462A2DBB94AF006CB255 /* Resources */ = {
			isa = PBXResourcesBuildPhase;
			buildActionMask = 2147483647;
			files = (
			);
			runOnlyForDeploymentPostprocessing = 0;
		};
		70A046342DBB94AF006CB255 /* Resources */ = {
			isa = PBXResourcesBuildPhase;
			buildActionMask = 2147483647;
			files = (
			);
			runOnlyForDeploymentPostprocessing = 0;
		};
/* End PBXResourcesBuildPhase section */

/* Begin PBXSourcesBuildPhase section */
		70A0461B2DBB94AE006CB255 /* Sources */ = {
			isa = PBXSourcesBuildPhase;
			buildActionMask = 2147483647;
			files = (
			);
			runOnlyForDeploymentPostprocessing = 0;
		};
		70A046282DBB94AF006CB255 /* Sources */ = {
			isa = PBXSourcesBuildPhase;
			buildActionMask = 2147483647;
			files = (
			);
			runOnlyForDeploymentPostprocessing = 0;
		};
		70A046322DBB94AF006CB255 /* Sources */ = {
			isa = PBXSourcesBuildPhase;
			buildActionMask = 2147483647;
			files = (
			);
			runOnlyForDeploymentPostprocessing = 0;
		};
/* End PBXSourcesBuildPhase section */

/* Begin PBXTargetDependency section */
		70A0462E2DBB94AF006CB255 /* PBXTargetDependency */ = {
			isa = PBXTargetDependency;
			target = 70A0461E2DBB94AE006CB255 /* QR Code Reader */;
			targetProxy = 70A0462D2DBB94AF006CB255 /* PBXContainerItemProxy */;
		};
		70A046382DBB94AF006CB255 /* PBXTargetDependency */ = {
			isa = PBXTargetDependency;
			target = 70A0461E2DBB94AE006CB255 /* QR Code Reader */;
			targetProxy = 70A046372DBB94AF006CB255 /* PBXContainerItemProxy */;
		};
/* End PBXTargetDependency section */

/* Begin XCBuildConfiguration section */
		70A0463E2DBB94AF006CB255 /* Debug */ = {
			isa = XCBuildConfiguration;
			buildSettings = {
				ALWAYS_SEARCH_USER_PATHS = NO;
				ASSETCATALOG_COMPILER_GENERATE_SWIFT_ASSET_SYMBOL_EXTENSIONS = YES;
				CLANG_ANALYZER_NONNULL = YES;
				CLANG_ANALYZER_NUMBER_OBJECT_CONVERSION = YES_AGGRESSIVE;
				CLANG_CXX_LANGUAGE_STANDARD = "gnu++20";
				CLANG_ENABLE_MODULES = YES;
				CLANG_ENABLE_OBJC_ARC = YES;
				CLANG_ENABLE_OBJC_WEAK = YES;
				CLANG_WARN_BLOCK_CAPTURE_AUTORELEASING = YES;
				CLANG_WARN_BOOL_CONVERSION = YES;
				CLANG_WARN_COMMA = YES;
				CLANG_WARN_CONSTANT_CONVERSION = YES;
				CLANG_WARN_DEPRECATED_OBJC_IMPLEMENTATIONS = YES;
				CLANG_WARN_DIRECT_OBJC_ISA_USAGE = YES_ERROR;
				CLANG_WARN_DOCUMENTATION_COMMENTS = YES;
				CLANG_WARN_EMPTY_BODY = YES;
				CLANG_WARN_ENUM_CONVERSION = YES;
				CLANG_WARN_INFINITE_RECURSION = YES;
				CLANG_WARN_INT_CONVERSION = YES;
				CLANG_WARN_NON_LITERAL_NULL_CONVERSION = YES;
				CLANG_WARN_OBJC_IMPLICIT_RETAIN_SELF = YES;
				CLANG_WARN_OBJC_LITERAL_CONVERSION = YES;
				CLANG_WARN_OBJC_ROOT_CLASS = YES_ERROR;
				CLANG_WARN_QUOTED_INCLUDE_IN_FRAMEWORK_HEADER = YES;
				CLANG_WARN_RANGE_LOOP_ANALYSIS = YES;
				CLANG_WARN_STRICT_PROTOTYPES = YES;
				CLANG_WARN_SUSPICIOUS_MOVE = YES;
				CLANG_WARN_UNGUARDED_AVAILABILITY = YES_AGGRESSIVE;
				CLANG_WARN_UNREACHABLE_CODE = YES;
				CLANG_WARN__DUPLICATE_METHOD_MATCH = YES;
				COPY_PHASE_STRIP = NO;
				DEBUG_INFORMATION_FORMAT = dwarf;
				ENABLE_STRICT_OBJC_MSGSEND = YES;
				ENABLE_TESTABILITY = YES;
				ENABLE_USER_SCRIPT_SANDBOXING = YES;
				GCC_C_LANGUAGE_STANDARD = gnu17;
				GCC_DYNAMIC_NO_PIC = NO;
				GCC_NO_COMMON_BLOCKS = YES;
				GCC_OPTIMIZATION_LEVEL = 0;
				GCC_PREPROCESSOR_DEFINITIONS = (
					"DEBUG=1",
					"$(inherited)",
				);
				GCC_WARN_64_TO_32_BIT_CONVERSION = YES;
				GCC_WARN_ABOUT_RETURN_TYPE = YES_ERROR;
				GCC_WARN_UNDECLARED_SELECTOR = YES;
				GCC_WARN_UNINITIALIZED_AUTOS = YES_AGGRESSIVE;
				GCC_WARN_UNUSED_FUNCTION = YES;
				GCC_WARN_UNUSED_VARIABLE = YES;
				IPHONEOS_DEPLOYMENT_TARGET = 18.4;
				LOCALIZATION_PREFERS_STRING_CATALOGS = YES;
				MTL_ENABLE_DEBUG_INFO = INCLUDE_SOURCE;
				MTL_FAST_MATH = YES;
				ONLY_ACTIVE_ARCH = YES;
				SDKROOT = iphoneos;
				SWIFT_ACTIVE_COMPILATION_CONDITIONS = "DEBUG $(inherited)";
				SWIFT_OPTIMIZATION_LEVEL = "-Onone";
			};
			name = Debug;
		};
		70A0463F2DBB94AF006CB255 /* Release */ = {
			isa = XCBuildConfiguration;
			buildSettings = {
				ALWAYS_SEARCH_USER_PATHS = NO;
				ASSETCATALOG_COMPILER_GENERATE_SWIFT_ASSET_SYMBOL_EXTENSIONS = YES;
				CLANG_ANALYZER_NONNULL = YES;
				CLANG_ANALYZER_NUMBER_OBJECT_CONVERSION = YES_AGGRESSIVE;
				CLANG_CXX_LANGUAGE_STANDARD = "gnu++20";
				CLANG_ENABLE_MODULES = YES;
				CLANG_ENABLE_OBJC_ARC = YES;
				CLANG_ENABLE_OBJC_WEAK = YES;
				CLANG_WARN_BLOCK_CAPTURE_AUTORELEASING = YES;
				CLANG_WARN_BOOL_CONVERSION = YES;
				CLANG_WARN_COMMA = YES;
				CLANG_WARN_CONSTANT_CONVERSION = YES;
				CLANG_WARN_DEPRECATED_OBJC_IMPLEMENTATIONS = YES;
				CLANG_WARN_DIRECT_OBJC_ISA_USAGE = YES_ERROR;
				CLANG_WARN_DOCUMENTATION_COMMENTS = YES;
				CLANG_WARN_EMPTY_BODY = YES;
				CLANG_WARN_ENUM_CONVERSION = YES;
				CLANG_WARN_INFINITE_RECURSION = YES;
				CLANG_WARN_INT_CONVERSION = YES;
				CLANG_WARN_NON_LITERAL_NULL_CONVERSION = YES;
				CLANG_WARN_OBJC_IMPLICIT_RETAIN_SELF = YES;
				CLANG_WARN_OBJC_LITERAL_CONVERSION = YES;
				CLANG_WARN_OBJC_ROOT_CLASS = YES_ERROR;
				CLANG_WARN_QUOTED_INCLUDE_IN_FRAMEWORK_HEADER = YES;
				CLANG_WARN_RANGE_LOOP_ANALYSIS = YES;
				CLANG_WARN_STRICT_PROTOTYPES = YES;
				CLANG_WARN_SUSPICIOUS_MOVE = YES;
				CLANG_WARN_UNGUARDED_AVAILABILITY = YES_AGGRESSIVE;
				CLANG_WARN_UNREACHABLE_CODE = YES;
				CLANG_WARN__DUPLICATE_METHOD_MATCH = YES;
				COPY_PHASE_STRIP = NO;
				DEBUG_INFORMATION_FORMAT = "dwarf-with-dsym";
				ENABLE_NS_ASSERTIONS = NO;
				ENABLE_STRICT_OBJC_MSGSEND = YES;
				ENABLE_USER_SCRIPT_SANDBOXING = YES;
				GCC_C_LANGUAGE_STANDARD = gnu17;
				GCC_NO_COMMON_BLOCKS = YES;
				GCC_WARN_64_TO_32_BIT_CONVERSION = YES;
				GCC_WARN_ABOUT_RETURN_TYPE = YES_ERROR;
				GCC_WARN_UNDECLARED_SELECTOR = YES;
				GCC_WARN_UNINITIALIZED_AUTOS = YES_AGGRESSIVE;
				GCC_WARN_UNUSED_FUNCTION = YES;
				GCC_WARN_UNUSED_VARIABLE = YES;
				IPHONEOS_DEPLOYMENT_TARGET = 18.4;
				LOCALIZATION_PREFERS_STRING_CATALOGS = YES;
				MTL_ENABLE_DEBUG_INFO = NO;
				MTL_FAST_MATH = YES;
				SDKROOT = iphoneos;
				SWIFT_COMPILATION_MODE = wholemodule;
				VALIDATE_PRODUCT = YES;
			};
			name = Release;
		};
		70A046412DBB94AF006CB255 /* Debug */ = {
			isa = XCBuildConfiguration;
			buildSettings = {
				ASSETCATALOG_COMPILER_APPICON_NAME = AppIcon;
				ASSETCATALOG_COMPILER_GLOBAL_ACCENT_COLOR_NAME = AccentColor;
				CODE_SIGN_STYLE = Automatic;
				CURRENT_PROJECT_VERSION = 1;
				ENABLE_PREVIEWS = YES;
				GENERATE_INFOPLIST_FILE = YES;
				INFOPLIST_KEY_UIApplicationSceneManifest_Generation = YES;
				INFOPLIST_KEY_UIApplicationSupportsIndirectInputEvents = YES;
				INFOPLIST_KEY_UILaunchScreen_Generation = YES;
				INFOPLIST_KEY_UISupportedInterfaceOrientations_iPad = "UIInterfaceOrientationPortrait UIInterfaceOrientationPortraitUpsideDown UIInterfaceOrientationLandscapeLeft UIInterfaceOrientationLandscapeRight";
				INFOPLIST_KEY_UISupportedInterfaceOrientations_iPhone = "UIInterfaceOrientationPortrait UIInterfaceOrientationLandscapeLeft UIInterfaceOrientationLandscapeRight";
				LD_RUNPATH_SEARCH_PATHS = (
					"$(inherited)",
					"@executable_path/Frameworks",
				);
				MARKETING_VERSION = 1.0;
				PRODUCT_BUNDLE_IDENTIFIER = "com.yizawa.QR-Code-Reader";
				PRODUCT_NAME = "$(TARGET_NAME)";
				SWIFT_EMIT_LOC_STRINGS = YES;
				SWIFT_VERSION = 5.0;
				TARGETED_DEVICE_FAMILY = "1,2";
			};
			name = Debug;
		};
		70A046422DBB94AF006CB255 /* Release */ = {
			isa = XCBuildConfiguration;
			buildSettings = {
				ASSETCATALOG_COMPILER_APPICON_NAME = AppIcon;
				ASSETCATALOG_COMPILER_GLOBAL_ACCENT_COLOR_NAME = AccentColor;
				CODE_SIGN_STYLE = Automatic;
				CURRENT_PROJECT_VERSION = 1;
				ENABLE_PREVIEWS = YES;
				GENERATE_INFOPLIST_FILE = YES;
				INFOPLIST_KEY_UIApplicationSceneManifest_Generation = YES;
				INFOPLIST_KEY_UIApplicationSupportsIndirectInputEvents = YES;
				INFOPLIST_KEY_UILaunchScreen_Generation = YES;
				INFOPLIST_KEY_UISupportedInterfaceOrientations_iPad = "UIInterfaceOrientationPortrait UIInterfaceOrientationPortraitUpsideDown UIInterfaceOrientationLandscapeLeft UIInterfaceOrientationLandscapeRight";
				INFOPLIST_KEY_UISupportedInterfaceOrientations_iPhone = "UIInterfaceOrientationPortrait UIInterfaceOrientationLandscapeLeft UIInterfaceOrientationLandscapeRight";
				LD_RUNPATH_SEARCH_PATHS = (
					"$(inherited)",
					"@executable_path/Frameworks",
				);
				MARKETING_VERSION = 1.0;
				PRODUCT_BUNDLE_IDENTIFIER = "com.yizawa.QR-Code-Reader";
				PRODUCT_NAME = "$(TARGET_NAME)";
				SWIFT_EMIT_LOC_STRINGS = YES;
				SWIFT_VERSION = 5.0;
				TARGETED_DEVICE_FAMILY = "1,2";
			};
			name = Release;
		};
		70A046442DBB94AF006CB255 /* Debug */ = {
			isa = XCBuildConfiguration;
			buildSettings = {
				BUNDLE_LOADER = "$(TEST_HOST)";
				CODE_SIGN_STYLE = Automatic;
				CURRENT_PROJECT_VERSION = 1;
				GENERATE_INFOPLIST_FILE = YES;
				IPHONEOS_DEPLOYMENT_TARGET = 18.4;
				MARKETING_VERSION = 1.0;
				PRODUCT_BUNDLE_IDENTIFIER = "com.yizawa.QR-Code-ReaderTests";
				PRODUCT_NAME = "$(TARGET_NAME)";
				SWIFT_EMIT_LOC_STRINGS = NO;
				SWIFT_VERSION = 5.0;
				TARGETED_DEVICE_FAMILY = "1,2";
				TEST_HOST = "$(BUILT_PRODUCTS_DIR)/QR Code Reader.app/$(BUNDLE_EXECUTABLE_FOLDER_PATH)/QR Code Reader";
			};
			name = Debug;
		};
		70A046452DBB94AF006CB255 /* Release */ = {
			isa = XCBuildConfiguration;
			buildSettings = {
				BUNDLE_LOADER = "$(TEST_HOST)";
				CODE_SIGN_STYLE = Automatic;
				CURRENT_PROJECT_VERSION = 1;
				GENERATE_INFOPLIST_FILE = YES;
				IPHONEOS_DEPLOYMENT_TARGET = 18.4;
				MARKETING_VERSION = 1.0;
				PRODUCT_BUNDLE_IDENTIFIER = "com.yizawa.QR-Code-ReaderTests";
				PRODUCT_NAME = "$(TARGET_NAME)";
				SWIFT_EMIT_LOC_STRINGS = NO;
				SWIFT_VERSION = 5.0;
				TARGETED_DEVICE_FAMILY = "1,2";
				TEST_HOST = "$(BUILT_PRODUCTS_DIR)/QR Code Reader.app/$(BUNDLE_EXECUTABLE_FOLDER_PATH)/QR Code Reader";
			};
			name = Release;
		};
		70A046472DBB94AF006CB255 /* Debug */ = {
			isa = XCBuildConfiguration;
			buildSettings = {
				CODE_SIGN_STYLE = Automatic;
				CURRENT_PROJECT_VERSION = 1;
				GENERATE_INFOPLIST_FILE = YES;
				MARKETING_VERSION = 1.0;
				PRODUCT_BUNDLE_IDENTIFIER = "com.yizawa.QR-Code-ReaderUITests";
				PRODUCT_NAME = "$(TARGET_NAME)";
				SWIFT_EMIT_LOC_STRINGS = NO;
				SWIFT_VERSION = 5.0;
				TARGETED_DEVICE_FAMILY = "1,2";
				TEST_TARGET_NAME = "QR Code Reader";
			};
			name = Debug;
		};
		70A046482DBB94AF006CB255 /* Release */ = {
			isa = XCBuildConfiguration;
			buildSettings = {
				CODE_SIGN_STYLE = Automatic;
				CURRENT_PROJECT_VERSION = 1;
				GENERATE_INFOPLIST_FILE = YES;
				MARKETING_VERSION = 1.0;
				PRODUCT_BUNDLE_IDENTIFIER = "com.yizawa.QR-Code-ReaderUITests";
				PRODUCT_NAME = "$(TARGET_NAME)";
				SWIFT_EMIT_LOC_STRINGS = NO;
				SWIFT_VERSION = 5.0;
				TARGETED_DEVICE_FAMILY = "1,2";
				TEST_TARGET_NAME = "QR Code Reader";
			};
			name = Release;
		};
/* End XCBuildConfiguration section */

/* Begin XCConfigurationList section */
		70A0461A2DBB94AE006CB255 /* Build configuration list for PBXProject "QR Code Reader" */ = {
			isa = XCConfigurationList;
			buildConfigurations = (
				70A0463E2DBB94AF006CB255 /* Debug */,
				70A0463F2DBB94AF006CB255 /* Release */,
			);
			defaultConfigurationIsVisible = 0;
			defaultConfigurationName = Release;
		};
		70A046402DBB94AF006CB255 /* Build configuration list for PBXNativeTarget "QR Code Reader" */ = {
			isa = XCConfigurationList;
			buildConfigurations = (
				70A046412DBB94AF006CB255 /* Debug */,
				70A046422DBB94AF006CB255 /* Release */,
			);
			defaultConfigurationIsVisible = 0;
			defaultConfigurationName = Release;
		};
		70A046432DBB94AF006CB255 /* Build configuration list for PBXNativeTarget "QR Code ReaderTests" */ = {
			isa = XCConfigurationList;
			buildConfigurations = (
				70A046442DBB94AF006CB255 /* Debug */,
				70A046452DBB94AF006CB255 /* Release */,
			);
			defaultConfigurationIsVisible = 0;
			defaultConfigurationName = Release;
		};
		70A046462DBB94AF006CB255 /* Build configuration list for PBXNativeTarget "QR Code ReaderUITests" */ = {
			isa = XCConfigurationList;
			buildConfigurations = (
				70A046472DBB94AF006CB255 /* Debug */,
				70A046482DBB94AF006CB255 /* Release */,
			);
			defaultConfigurationIsVisible = 0;
			defaultConfigurationName = Release;
		};
/* End XCConfigurationList section */
	};
	rootObject = 70A046172DBB94AE006CB255 /* Project object */;
}
